
Microsoft Visual Studio Solution File, Format Version 12.00
# Visual Studio 16
Project("{FAE04EC0-301F-11D3-BF4B-00C04F79EFBC}") = "Assembly-CSharp", "Assembly-CSharp.csproj", "{4657BFDE-6A8B-8C7D-92FA-7818630B84C5}"
EndProject
Project("{FAE04EC0-301F-11D3-BF4B-00C04F79EFBC}") = "Assembly-CSharp-firstpass", "Assembly-CSharp-firstpass.csproj", "{870A31DB-B4AC-8790-7F29-C0FE16BBA813}"
EndProject
Project("{FAE04EC0-301F-11D3-BF4B-00C04F79EFBC}") = "Assembly-CSharp-Editor", "Assembly-CSharp-Editor.csproj", "{20E34F0C-CC71-F033-CFBB-FE7915BBBEC4}"
EndProject
Global
	GlobalSection(SolutionConfigurationPlatforms) = preSolution
		Debug|Any CPU = Debug|Any CPU
		Release|Any CPU = Release|Any CPU
	EndGlobalSection
	GlobalSection(ProjectConfigurationPlatforms) = postSolution
		{4657BFDE-6A8B-8C7D-92FA-7818630B84C5}.Debug|Any CPU.ActiveCfg = Debug|Any CPU
		{4657BFDE-6A8B-8C7D-92FA-7818630B84C5}.Debug|Any CPU.Build.0 = Debug|Any CPU
		{4657BFDE-6A8B-8C7D-92FA-7818630B84C5}.Release|Any CPU.ActiveCfg = Release|Any CPU
		{4657BFDE-6A8B-8C7D-92FA-7818630B84C5}.Release|Any CPU.Build.0 = Release|Any CPU
		{870A31DB-B4AC-8790-7F29-C0FE16BBA813}.Debug|Any CPU.ActiveCfg = Debug|Any CPU
		{870A31DB-B4AC-8790-7F29-C0FE16BBA813}.Debug|Any CPU.Build.0 = Debug|Any CPU
		{870A31DB-B4AC-8790-7F29-C0FE16BBA813}.Release|Any CPU.ActiveCfg = Release|Any CPU
		{870A31DB-B4AC-8790-7F29-C0FE16BBA813}.Release|Any CPU.Build.0 = Release|Any CPU
		{20E34F0C-CC71-F033-CFBB-FE7915BBBEC4}.Debug|Any CPU.ActiveCfg = Debug|Any CPU
		{20E34F0C-CC71-F033-CFBB-FE7915BBBEC4}.Debug|Any CPU.Build.0 = Debug|Any CPU
		{20E34F0C-CC71-F033-CFBB-FE7915BBBEC4}.Release|Any CPU.ActiveCfg = Release|Any CPU
		{20E34F0C-CC71-F033-CFBB-FE7915BBBEC4}.Release|Any CPU.Build.0 = Release|Any CPU
	EndGlobalSection
	GlobalSection(SolutionProperties) = preSolution
		HideSolutionNode = FALSE
	EndGlobalSection
EndGlobal
